
Microsoft Visual Studio Solution File, Format Version 12.00
# Visual Studio 14
VisualStudioVersion = 14.0.23107.0
MinimumVisualStudioVersion = 10.0.40219.1
Project("{FAE04EC0-301F-11D3-BF4B-00C04F79EFBC}") = "StartMe", "StartMe\StartMe.csproj", "{031F4E6E-1B02-4DCE-BFF3-D0D298E1C741}"
EndProject
Project("{FAE04EC0-301F-11D3-BF4B-00C04F79EFBC}") = "Contracts", "Contracts\Contracts.csproj", "{C58140A3-A850-4A15-BC29-BAF445982243}"
EndProject
Project("{FAE04EC0-301F-11D3-BF4B-00C04F79EFBC}") = "NsbHelloWorld.Web", "NsbHelloWorld.Web\NsbHelloWorld.Web.csproj", "{163352C8-1B5A-4536-B56A-3B021DDF1F6B}"
EndProject
Project("{FAE04EC0-301F-11D3-BF4B-00C04F79EFBC}") = "NsbHelloWorld.LetterGenerator", "NsbHelloWorldLetterGenerator\NsbHelloWorld.LetterGenerator.csproj", "{D80099DC-8706-449E-9C1A-DDE0DEA9314D}"
EndProject
Global
	GlobalSection(SolutionConfigurationPlatforms) = preSolution
		Debug|Any CPU = Debug|Any CPU
		Release|Any CPU = Release|Any CPU
	EndGlobalSection
	GlobalSection(ProjectConfigurationPlatforms) = postSolution
		{031F4E6E-1B02-4DCE-BFF3-D0D298E1C741}.Debug|Any CPU.ActiveCfg = Debug|Any CPU
		{031F4E6E-1B02-4DCE-BFF3-D0D298E1C741}.Debug|Any CPU.Build.0 = Debug|Any CPU
		{031F4E6E-1B02-4DCE-BFF3-D0D298E1C741}.Release|Any CPU.ActiveCfg = Release|Any CPU
		{031F4E6E-1B02-4DCE-BFF3-D0D298E1C741}.Release|Any CPU.Build.0 = Release|Any CPU
		{C58140A3-A850-4A15-BC29-BAF445982243}.Debug|Any CPU.ActiveCfg = Debug|Any CPU
		{C58140A3-A850-4A15-BC29-BAF445982243}.Debug|Any CPU.Build.0 = Debug|Any CPU
		{C58140A3-A850-4A15-BC29-BAF445982243}.Release|Any CPU.ActiveCfg = Release|Any CPU
		{C58140A3-A850-4A15-BC29-BAF445982243}.Release|Any CPU.Build.0 = Release|Any CPU
		{163352C8-1B5A-4536-B56A-3B021DDF1F6B}.Debug|Any CPU.ActiveCfg = Debug|Any CPU
		{163352C8-1B5A-4536-B56A-3B021DDF1F6B}.Debug|Any CPU.Build.0 = Debug|Any CPU
		{163352C8-1B5A-4536-B56A-3B021DDF1F6B}.Release|Any CPU.ActiveCfg = Release|Any CPU
		{163352C8-1B5A-4536-B56A-3B021DDF1F6B}.Release|Any CPU.Build.0 = Release|Any CPU
		{D80099DC-8706-449E-9C1A-DDE0DEA9314D}.Debug|Any CPU.ActiveCfg = Debug|Any CPU
		{D80099DC-8706-449E-9C1A-DDE0DEA9314D}.Debug|Any CPU.Build.0 = Debug|Any CPU
		{D80099DC-8706-449E-9C1A-DDE0DEA9314D}.Release|Any CPU.ActiveCfg = Release|Any CPU
		{D80099DC-8706-449E-9C1A-DDE0DEA9314D}.Release|Any CPU.Build.0 = Release|Any CPU
	EndGlobalSection
	GlobalSection(SolutionProperties) = preSolution
		HideSolutionNode = FALSE
	EndGlobalSection
EndGlobal
